github.com/mcnijman/go-emailaddress v1.1.0 h1:7/Uxgn9pXwXmvXsFSgORo6XoRTrttj7AGmmB2yFArAg=
github.com/mcnijman/go-emailaddress v1.1.0/go.mod h1:m+aauxGmv31sB5zZ1I8ICcMoa9ZHOA9RiurCijfvkhI=
golang.org/x/net v0.0.0-20180911220305-26e67e76b6c3 h1:czFLhve3vsQetD6JOJ8NZZvGQIXlnN3/yXxbT6/awxI=
golang.org/x/net v0.0.0-20180911220305-26e67e76b6c3/go.mod h1:mL1N/T3taQHkDXs73rZJwtUhF3w3ftmwwsq0BUmARs4=
